
Microsoft Visual Studio Solution File, Format Version 12.00
# Visual Studio Version 16
VisualStudioVersion = 16.0.30002.166
MinimumVisualStudioVersion = 10.0.40219.1
Project("{2150E333-8FDC-42A3-9474-1A3956D46DE8}") = "Solution Items", "Solution Items", "{953EA8A6-5F53-4310-B3FD-F044ED4CCC4A}"
	ProjectSection(SolutionItems) = preProject
		.clang-tidy = .clang-tidy
		.gitignore = .gitignore
	EndProjectSection
EndProject
Project("{8BC9CEB8-8B4A-11D0-8D11-00A0C91BC942}") = "CellEngine", "CellEngine\CellEngine.vcxproj", "{52E05DB6-FA9E-421D-9153-0B0CA747BBB3}"
EndProject
Project("{8BC9CEB8-8B4A-11D0-8D11-00A0C91BC942}") = "GameOfLife", "GameOfLife\GameOfLife.vcxproj", "{998BB547-55DE-40CD-8A2B-D6D16F05F672}"
EndProject
Project("{8BC9CEB8-8B4A-11D0-8D11-00A0C91BC942}") = "Wireworld", "WireWorld\Wireworld.vcxproj", "{2E524919-E8E7-43A2-8410-947B07400879}"
EndProject
Global
	GlobalSection(SolutionConfigurationPlatforms) = preSolution
		Debug|x64 = Debug|x64
		Debug|x86 = Debug|x86
		Release|x64 = Release|x64
		Release|x86 = Release|x86
	EndGlobalSection
	GlobalSection(ProjectConfigurationPlatforms) = postSolution
		{52E05DB6-FA9E-421D-9153-0B0CA747BBB3}.Debug|x64.ActiveCfg = Debug|x64
		{52E05DB6-FA9E-421D-9153-0B0CA747BBB3}.Debug|x64.Build.0 = Debug|x64
		{52E05DB6-FA9E-421D-9153-0B0CA747BBB3}.Debug|x86.ActiveCfg = Debug|Win32
		{52E05DB6-FA9E-421D-9153-0B0CA747BBB3}.Debug|x86.Build.0 = Debug|Win32
		{52E05DB6-FA9E-421D-9153-0B0CA747BBB3}.Release|x64.ActiveCfg = Debug|x64
		{52E05DB6-FA9E-421D-9153-0B0CA747BBB3}.Release|x64.Build.0 = Debug|x64
		{52E05DB6-FA9E-421D-9153-0B0CA747BBB3}.Release|x86.ActiveCfg = Release|Win32
		{52E05DB6-FA9E-421D-9153-0B0CA747BBB3}.Release|x86.Build.0 = Release|Win32
		{998BB547-55DE-40CD-8A2B-D6D16F05F672}.Debug|x64.ActiveCfg = Debug|x64
		{998BB547-55DE-40CD-8A2B-D6D16F05F672}.Debug|x64.Build.0 = Debug|x64
		{998BB547-55DE-40CD-8A2B-D6D16F05F672}.Debug|x86.ActiveCfg = Debug|Win32
		{998BB547-55DE-40CD-8A2B-D6D16F05F672}.Debug|x86.Build.0 = Debug|Win32
		{998BB547-55DE-40CD-8A2B-D6D16F05F672}.Release|x64.ActiveCfg = Debug|x64
		{998BB547-55DE-40CD-8A2B-D6D16F05F672}.Release|x64.Build.0 = Debug|x64
		{998BB547-55DE-40CD-8A2B-D6D16F05F672}.Release|x86.ActiveCfg = Release|Win32
		{998BB547-55DE-40CD-8A2B-D6D16F05F672}.Release|x86.Build.0 = Release|Win32
		{2E524919-E8E7-43A2-8410-947B07400879}.Debug|x64.ActiveCfg = Debug|x64
		{2E524919-E8E7-43A2-8410-947B07400879}.Debug|x64.Build.0 = Debug|x64
		{2E524919-E8E7-43A2-8410-947B07400879}.Debug|x86.ActiveCfg = Debug|Win32
		{2E524919-E8E7-43A2-8410-947B07400879}.Debug|x86.Build.0 = Debug|Win32
		{2E524919-E8E7-43A2-8410-947B07400879}.Release|x64.ActiveCfg = Release|x64
		{2E524919-E8E7-43A2-8410-947B07400879}.Release|x64.Build.0 = Release|x64
		{2E524919-E8E7-43A2-8410-947B07400879}.Release|x86.ActiveCfg = Release|Win32
		{2E524919-E8E7-43A2-8410-947B07400879}.Release|x86.Build.0 = Release|Win32
	EndGlobalSection
	GlobalSection(SolutionProperties) = preSolution
		HideSolutionNode = FALSE
	EndGlobalSection
	GlobalSection(ExtensibilityGlobals) = postSolution
		SolutionGuid = {3BD4AF15-0D62-4CBB-8531-9B383AF4E766}
	EndGlobalSection
EndGlobal
